{
    "_readme": [
        "This file locks the dependencies of your project to a known state",
        "Read more about it at https://getcomposer.org/doc/01-basic-usage.md#installing-dependencies",
        "This file is @generated automatically"
    ],
    "content-hash": "847aee295c3093239ac2b7e183d51e26",
    "packages": [
        {
            "name": "phpcq/plugin-api",
            "version": "dev-feature/checkstyle",
            "source": {
                "type": "git",
                "url": "https://github.com/phpcq/plugin-api.git",
                "reference": "47c54212ba2a3bfa3014fff4f007dce3687a4be6"
            },
            "dist": {
                "type": "zip",
                "url": "https://api.github.com/repos/phpcq/plugin-api/zipball/47c54212ba2a3bfa3014fff4f007dce3687a4be6",
                "reference": "47c54212ba2a3bfa3014fff4f007dce3687a4be6",
                "shasum": ""
            },
            "require": {
                "php": "^7.3"
            },
            "type": "library",
            "extra": {
                "branch-alias": {
                    "dev-master": "1.x-dev"
                }
            },
            "autoload": {
                "psr-4": {
                    "Phpcq\\PluginApi\\": "src/"
                }
            },
            "notification-url": "https://packagist.org/downloads/",
            "license": [
                "MIT"
            ],
            "authors": [
                {
                    "name": "Christian Schiffler",
                    "email": "c.schiffler@cyberspectrum.de",
                    "homepage": "http://cyberspectrum.de",
                    "role": "lead"
                },
                {
                    "name": "David Molineus",
                    "email": "david.molineus@netzmacht.de",
                    "homepage": "https://netzmacht.de",
                    "role": "lead"
                },
                {
                    "name": "Stefan Heimes",
                    "email": "stefan_heimes@hotmail.com",
                    "role": "lead"
                }
            ],
            "description": "PHP code quality project plugin API interfaces.",
            "time": "2020-05-28T08:37:15+00:00"
        }
    ],
    "packages-dev": [],
    "aliases": [],
    "minimum-stability": "stable",
    "stability-flags": {
        "phpcq/plugin-api": 20
    },
    "prefer-stable": false,
    "prefer-lowest": false,
    "platform": {
        "php": "^7.3"
    },
    "platform-dev": [],
    "plugin-api-version": "1.1.0"
}
