{
    "_readme": [
        "This file locks the dependencies of your project to a known state",
        "Read more about it at https://getcomposer.org/doc/01-basic-usage.md#installing-dependencies",
        "This file is @generated automatically"
    ],
    "content-hash": "a548fa94db07d9b1085e49e2dcd3e7e1",
    "packages": [
        {
            "name": "phpcq/plugin-api",
            "version": "dev-master",
            "source": {
                "type": "git",
                "url": "https://github.com/phpcq/plugin-api.git",
                "reference": "822837013fc433e591ef1092c38150677fc578da"
            },
            "dist": {
                "type": "zip",
                "url": "https://api.github.com/repos/phpcq/plugin-api/zipball/822837013fc433e591ef1092c38150677fc578da",
                "reference": "822837013fc433e591ef1092c38150677fc578da",
                "shasum": ""
            },
            "require": {
                "ext-dom": "*",
                "php": "^7.3"
            },
            "type": "library",
            "extra": {
                "branch-alias": {
                    "dev-master": "1.x-dev"
                }
            },
            "autoload": {
                "psr-4": {
                    "Phpcq\\PluginApi\\": "src/"
                }
            },
            "notification-url": "https://packagist.org/downloads/",
            "license": [
                "MIT"
            ],
            "authors": [
                {
                    "name": "Christian Schiffler",
                    "email": "c.schiffler@cyberspectrum.de",
                    "homepage": "http://cyberspectrum.de",
                    "role": "lead"
                },
                {
                    "name": "David Molineus",
                    "email": "david.molineus@netzmacht.de",
                    "homepage": "https://netzmacht.de",
                    "role": "lead"
                },
                {
                    "name": "Stefan Heimes",
                    "email": "stefan_heimes@hotmail.com",
                    "role": "lead"
                }
            ],
            "description": "PHP code quality project plugin API interfaces.",
            "funding": [
                {
                    "url": "https://github.com/discordier",
                    "type": "github"
                },
                {
                    "url": "https://github.com/dmolineus",
                    "type": "github"
                }
            ],
            "time": "2020-10-05T09:06:39+00:00"
        }
    ],
    "packages-dev": [],
    "aliases": [],
    "minimum-stability": "stable",
    "stability-flags": {
        "phpcq/plugin-api": 20
    },
    "prefer-stable": false,
    "prefer-lowest": false,
    "platform": {
        "php": "^7.3",
        "ext-dom": "*",
        "ext-json": "*"
    },
    "platform-dev": [],
    "plugin-api-version": "1.1.0"
}
